
Microsoft Visual Studio Solution File, Format Version 12.00
# Visual Studio 15
VisualStudioVersion = 15.0.27004.2005
MinimumVisualStudioVersion = 10.0.40219.1
Project("{FAE04EC0-301F-11D3-BF4B-00C04F79EFBC}") = "Composition", "Composition\Composition.csproj", "{2229118B-97ED-40C6-99C3-9EA421FB8379}"
EndProject
Global
	GlobalSection(SolutionConfigurationPlatforms) = preSolution
		Debug|Any CPU = Debug|Any CPU
		Release|Any CPU = Release|Any CPU
	EndGlobalSection
	GlobalSection(ProjectConfigurationPlatforms) = postSolution
		{2229118B-97ED-40C6-99C3-9EA421FB8379}.Debug|Any CPU.ActiveCfg = Debug|Any CPU
		{2229118B-97ED-40C6-99C3-9EA421FB8379}.Debug|Any CPU.Build.0 = Debug|Any CPU
		{2229118B-97ED-40C6-99C3-9EA421FB8379}.Release|Any CPU.ActiveCfg = Release|Any CPU
		{2229118B-97ED-40C6-99C3-9EA421FB8379}.Release|Any CPU.Build.0 = Release|Any CPU
	EndGlobalSection
	GlobalSection(SolutionProperties) = preSolution
		HideSolutionNode = FALSE
	EndGlobalSection
	GlobalSection(ExtensibilityGlobals) = postSolution
		SolutionGuid = {B309F3B7-FAC1-431E-92AB-3094C4544CA1}
	EndGlobalSection
EndGlobal
